
Microsoft Visual Studio Solution File, Format Version 12.00
# Visual Studio Version 17
VisualStudioVersion = 17.10.34928.147
MinimumVisualStudioVersion = 10.0.40219.1
Project("{9A19103F-16F7-4668-BE54-9A1E7A4F7556}") = "Course_Exercises_Cs", "Course_Exercises_Cs\Course_Exercises_Cs.csproj", "{26417B1D-26C8-44F1-9E1D-FF54C35654A1}"
EndProject
Project("{9A19103F-16F7-4668-BE54-9A1E7A4F7556}") = "TestProject", "TestProject1\TestProject.csproj", "{A47117DB-1E13-4DED-B8E2-1635607CB974}"
EndProject
Project("{2150E333-8FDC-42A3-9474-1A3956D46DE8}") = "Postmans's Collections", "Postmans's Collections", "{6586EE80-B645-4200-B817-CF8CF890753D}"
EndProject
Project("{9A19103F-16F7-4668-BE54-9A1E7A4F7556}") = "WebApplication1", "..\WebApplication1\WebApplication1\WebApplication1.csproj", "{53FA3C29-4790-489B-9B7D-A2F9E811D107}"
EndProject
Global
	GlobalSection(SolutionConfigurationPlatforms) = preSolution
		Debug|Any CPU = Debug|Any CPU
		Release|Any CPU = Release|Any CPU
	EndGlobalSection
	GlobalSection(ProjectConfigurationPlatforms) = postSolution
		{26417B1D-26C8-44F1-9E1D-FF54C35654A1}.Debug|Any CPU.ActiveCfg = Debug|Any CPU
		{26417B1D-26C8-44F1-9E1D-FF54C35654A1}.Debug|Any CPU.Build.0 = Debug|Any CPU
		{26417B1D-26C8-44F1-9E1D-FF54C35654A1}.Release|Any CPU.ActiveCfg = Release|Any CPU
		{26417B1D-26C8-44F1-9E1D-FF54C35654A1}.Release|Any CPU.Build.0 = Release|Any CPU
		{A47117DB-1E13-4DED-B8E2-1635607CB974}.Debug|Any CPU.ActiveCfg = Debug|Any CPU
		{A47117DB-1E13-4DED-B8E2-1635607CB974}.Debug|Any CPU.Build.0 = Debug|Any CPU
		{A47117DB-1E13-4DED-B8E2-1635607CB974}.Release|Any CPU.ActiveCfg = Release|Any CPU
		{A47117DB-1E13-4DED-B8E2-1635607CB974}.Release|Any CPU.Build.0 = Release|Any CPU
		{53FA3C29-4790-489B-9B7D-A2F9E811D107}.Debug|Any CPU.ActiveCfg = Debug|Any CPU
		{53FA3C29-4790-489B-9B7D-A2F9E811D107}.Debug|Any CPU.Build.0 = Debug|Any CPU
		{53FA3C29-4790-489B-9B7D-A2F9E811D107}.Release|Any CPU.ActiveCfg = Release|Any CPU
		{53FA3C29-4790-489B-9B7D-A2F9E811D107}.Release|Any CPU.Build.0 = Release|Any CPU
	EndGlobalSection
	GlobalSection(SolutionProperties) = preSolution
		HideSolutionNode = FALSE
	EndGlobalSection
	GlobalSection(ExtensibilityGlobals) = postSolution
		SolutionGuid = {FC4181BB-2D39-4972-A738-2441BC4E9FC9}
	EndGlobalSection
EndGlobal
