
Microsoft Visual Studio Solution File, Format Version 12.00
# Visual Studio Version 17
VisualStudioVersion = 17.10.34928.147
MinimumVisualStudioVersion = 10.0.40219.1
Project("{FAE04EC0-301F-11D3-BF4B-00C04F79EFBC}") = "WebAPITest", "WebAPITest\WebAPITest.csproj", "{00DB4711-8819-45EB-87A8-49FFA51AD61A}"
EndProject
Global
	GlobalSection(SolutionConfigurationPlatforms) = preSolution
		Debug|Any CPU = Debug|Any CPU
		Release|Any CPU = Release|Any CPU
	EndGlobalSection
	GlobalSection(ProjectConfigurationPlatforms) = postSolution
		{00DB4711-8819-45EB-87A8-49FFA51AD61A}.Debug|Any CPU.ActiveCfg = Debug|Any CPU
		{00DB4711-8819-45EB-87A8-49FFA51AD61A}.Debug|Any CPU.Build.0 = Debug|Any CPU
		{00DB4711-8819-45EB-87A8-49FFA51AD61A}.Release|Any CPU.ActiveCfg = Release|Any CPU
		{00DB4711-8819-45EB-87A8-49FFA51AD61A}.Release|Any CPU.Build.0 = Release|Any CPU
	EndGlobalSection
	GlobalSection(SolutionProperties) = preSolution
		HideSolutionNode = FALSE
	EndGlobalSection
	GlobalSection(ExtensibilityGlobals) = postSolution
		SolutionGuid = {92D52430-EBD9-443B-A611-42AF06825A59}
	EndGlobalSection
EndGlobal
